{
  "nodes": {
    "channel": {
      "locked": {
        "lastModified": 1786074909,
        "narHash": "sha256-RXBE0mNKb5O4g5PR6iV43/A0qkibe2MSZ+DDvRS4ELs=",
        "owner": "nixos",
        "repo": "nixpkgs",
        "rev": "5738b3c785613e0f8e0d94662dd5542188bb4dc2",
        "type": "github"
      },
      "original": {
        "owner": "nixos",
        "ref": "nixos-unstable-small",
        "repo": "nixpkgs",
        "type": "github"
      }
    },
    "root": {
      "inputs": {
        "channel": "channel"
      }
    }
  },
  "root": "root",
  "version": 7
}
