{
  "nodes": {
    "channel": {
      "locked": {
        "lastModified": 1784293129,
        "narHash": "sha256-oT4sZ9BMbbi6PwgValMQCCkgZmFtUdBV0LkGicrqpGg=",
        "owner": "nixos",
        "repo": "nixpkgs",
        "rev": "09233832ac9676c8a4105a82a0204283362b0e84",
        "type": "github"
      },
      "original": {
        "owner": "nixos",
        "ref": "nixos-unstable-small",
        "repo": "nixpkgs",
        "type": "github"
      }
    },
    "root": {
      "inputs": {
        "channel": "channel"
      }
    }
  },
  "root": "root",
  "version": 7
}
