{
  "nodes": {
    "channel": {
      "locked": {
        "lastModified": 1784879845,
        "narHash": "sha256-sroT4rM0nYWmQDfIOPO3rbm8f4EHt6n/9BWv2YNcrCE=",
        "owner": "nixos",
        "repo": "nixpkgs",
        "rev": "4134e434300d2218b46c387fd623cf457042f408",
        "type": "github"
      },
      "original": {
        "owner": "nixos",
        "ref": "nixos-26.05-small",
        "repo": "nixpkgs",
        "type": "github"
      }
    },
    "root": {
      "inputs": {
        "channel": "channel"
      }
    }
  },
  "root": "root",
  "version": 7
}
