{
  "nodes": {
    "channel": {
      "locked": {
        "lastModified": 1785453677,
        "narHash": "sha256-Kh+Sy7tfUtUigYHTazU8E2ilSI1uPa1uQzEYYHo5bGs=",
        "owner": "nixos",
        "repo": "nixpkgs",
        "rev": "c2d36c874f048a17f82185d52ea4701e4896245c",
        "type": "github"
      },
      "original": {
        "owner": "nixos",
        "ref": "nixos-26.05-small",
        "repo": "nixpkgs",
        "type": "github"
      }
    },
    "root": {
      "inputs": {
        "channel": "channel"
      }
    }
  },
  "root": "root",
  "version": 7
}
