{
  "nodes": {
    "channel": {
      "locked": {
        "lastModified": 1783681957,
        "narHash": "sha256-S8QzYgTymIUj97UrOv6R8mle6MczIh/pUnRD+l8REak=",
        "owner": "nixos",
        "repo": "nixpkgs",
        "rev": "cb396c567e8293019e507894198ab386abe488ec",
        "type": "github"
      },
      "original": {
        "owner": "nixos",
        "ref": "nixos-26.05-small",
        "repo": "nixpkgs",
        "type": "github"
      }
    },
    "root": {
      "inputs": {
        "channel": "channel"
      }
    }
  },
  "root": "root",
  "version": 7
}
