{
  "nodes": {
    "channel": {
      "locked": {
        "lastModified": 1790041943,
        "narHash": "sha256-oFIXYbLhC6C0/6689NZGUC+jH2V1AeVQRWwOU13mu4s=",
        "owner": "nixos",
        "repo": "nixpkgs",
        "rev": "4563c53b12ac6152f2c63ec2d719c531466d4a6a",
        "type": "github"
      },
      "original": {
        "owner": "nixos",
        "ref": "nixpkgs-26.05-darwin",
        "repo": "nixpkgs",
        "type": "github"
      }
    },
    "root": {
      "inputs": {
        "channel": "channel"
      }
    }
  },
  "root": "root",
  "version": 7
}
