{
  "nodes": {
    "channel": {
      "locked": {
        "lastModified": 1790537679,
        "narHash": "sha256-9hAb5Jkjv5uV3C7IOsfdagIh6IXosWXsdfeJVaZ6P04=",
        "owner": "nixos",
        "repo": "nixpkgs",
        "rev": "04f2338dd72b93278448fb3e3e5cd71af207edb9",
        "type": "github"
      },
      "original": {
        "owner": "nixos",
        "ref": "nixpkgs-26.05-darwin",
        "repo": "nixpkgs",
        "type": "github"
      }
    },
    "root": {
      "inputs": {
        "channel": "channel"
      }
    }
  },
  "root": "root",
  "version": 7
}
